Microsoft Visual Studio Solution File, Format Version 12.00
# Visual Studio Version 17
VisualStudioVersion = 17.0.31903.59
MinimumVisualStudioVersion = 10.0.40219.1
Project("{2150E333-8FDC-42A3-9474-1A3956D46DE8}") = "src", "src", "{00112233-4455-6677-8899-AABBCCDDEEFF}"
EndProject
Project("{2150E333-8FDC-42A3-9474-1A3956D46DE8}") = "core", "core", "{11223344-5566-7788-99AA-BBCCDDEEFF00}"
EndProject
Project("{2150E333-8FDC-42A3-9474-1A3956D46DE8}") = "modules", "modules", "{22334455-6677-8899-AABB-CCDDEEFF0011}"
EndProject
Project("{2150E333-8FDC-42A3-9474-1A3956D46DE8}") = "DistributedTransaction", "DistributedTransaction", "{33445566-7788-99AA-BBCC-DDEEFF001122}"
EndProject
Project("{2150E333-8FDC-42A3-9474-1A3956D46DE8}") = "EventBus", "EventBus", "{44556677-8899-AABB-CCDD-EEFF00112233}"
EndProject
Project("{2150E333-8FDC-42A3-9474-1A3956D46DE8}") = "OrmProviders", "OrmProviders", "{55667788-99AA-BBCC-DDDE-EEFF00112233}"
EndProject
Project("{2150E333-8FDC-42A3-9474-1A3956D46DE8}") = "SchedulingJob", "SchedulingJob", "{66778899-AABB-CCDD-DEEE-FF0011223344}"
EndProject
Project("{2150E333-8FDC-42A3-9474-1A3956D46DE8}") = "test", "test", "{778899AA-BBCC-DDDE-EEFF-001122334455}"
EndProject
Project("{2150E333-8FDC-42A3-9474-1A3956D46DE8}") = "tools", "tools", "{8899AABB-CCDD-EEFF-0011-223344556677}"
EndProject
Project("{2150E333-8FDC-42A3-9474-1A3956D46DE8}") = "samples", "samples", "{99AABBCC-DDDE-EEFF-0011-223344556677}"
EndProject
Project("{2150E333-8FDC-42A3-9474-1A3956D46DE8}") = "LibraryManagement", "LibraryManagement", "{AABBCCDD-EEFF-0011-2233-445566778899}"
EndProject

Project("{FAE04EC0-301F-11D3-BF4B-00C04F79EFBC}") = "CrestCreates.Web", "framework\src\CrestCreates.Web\CrestCreates.Web.csproj", "{2AFA3812-BF4C-4BCA-BEC9-7F87775D98D1}"
EndProject
Project("{FAE04EC0-301F-11D3-BF4B-00C04F79EFBC}") = "CrestCreates.Application.Contracts", "framework\src\CrestCreates.Application.Contracts\CrestCreates.Application.Contracts.csproj", "{FA5B27B0-2C13-4754-A65D-26DEAA1AD8F0}"
EndProject
Project("{FAE04EC0-301F-11D3-BF4B-00C04F79EFBC}") = "CrestCreates.Application", "framework\src\CrestCreates.Application\CrestCreates.Application.csproj", "{5105905E-E3DE-464A-B5A5-339DC7226A04}"
EndProject
Project("{FAE04EC0-301F-11D3-BF4B-00C04F79EFBC}") = "CrestCreates.AuditLogging", "framework\src\CrestCreates.AuditLogging\CrestCreates.AuditLogging.csproj", "{521CD2B1-CE86-4110-8594-7F97A28BDEA6}"
EndProject
Project("{FAE04EC0-301F-11D3-BF4B-00C04F79EFBC}") = "CrestCreates.Configuration", "framework\src\CrestCreates.Configuration\CrestCreates.Configuration.csproj", "{A7A836BB-427D-40E3-8FE9-8CC40B69FC95}"
EndProject
Project("{FAE04EC0-301F-11D3-BF4B-00C04F79EFBC}") = "CrestCreates.DataFilter", "framework\src\CrestCreates.DataFilter\CrestCreates.DataFilter.csproj", "{00000000-0000-0000-0000-000000000000}"
EndProject
Project("{FAE04EC0-301F-11D3-BF4B-00C04F79EFBC}") = "CrestCreates.DbContextProvider.Abstract", "framework\src\CrestCreates.DbContextProvider.Abstract\CrestCreates.DbContextProvider.Abstract.csproj", "{A5B6C7D8-E9F0-4A1B-8C2D-3E4F5A6B7C8D}"
EndProject
Project("{FAE04EC0-301F-11D3-BF4B-00C04F79EFBC}") = "CrestCreates.DistributedTransaction", "framework\src\CrestCreates.DistributedTransaction\CrestCreates.DistributedTransaction.csproj", "{00000000-0000-0000-0000-000000000000}"
EndProject
Project("{FAE04EC0-301F-11D3-BF4B-00C04F79EFBC}") = "CrestCreates.Domain.Shared", "framework\src\CrestCreates.Domain.Shared\CrestCreates.Domain.Shared.csproj", "{D7D76AF4-7B44-4744-BD91-7BAE52BC1422}"
EndProject
Project("{FAE04EC0-301F-11D3-BF4B-00C04F79EFBC}") = "CrestCreates.Domain", "framework\src\CrestCreates.Domain\CrestCreates.Domain.csproj", "{CEC3956E-CF1E-43B3-ABB8-CD9C3E085619}"
EndProject
Project("{FAE04EC0-301F-11D3-BF4B-00C04F79EFBC}") = "CrestCreates.EventBus.Abstract", "framework\src\CrestCreates.EventBus.Abstract\CrestCreates.EventBus.Abstract.csproj", "{F1E2D3C4-B5A6-9876-5432-109876543210}"
EndProject
Project("{FAE04EC0-301F-11D3-BF4B-00C04F79EFBC}") = "CrestCreates.HealthCheck", "framework\src\CrestCreates.HealthCheck\CrestCreates.HealthCheck.csproj", "{00000000-0000-0000-0000-000000000000}"
EndProject
Project("{FAE04EC0-301F-11D3-BF4B-00C04F79EFBC}") = "CrestCreates.Infrastructure", "framework\src\CrestCreates.Infrastructure\CrestCreates.Infrastructure.csproj", "{BA5159D6-534F-4C28-BCDC-3B250D543576}"
EndProject
Project("{FAE04EC0-301F-11D3-BF4B-00C04F79EFBC}") = "CrestCreates.Localization", "framework\src\CrestCreates.Localization\CrestCreates.Localization.csproj", "{00000000-0000-0000-0000-000000000000}"
EndProject
Project("{FAE04EC0-301F-11D3-BF4B-00C04F79EFBC}") = "CrestCreates.Modularity", "framework\src\CrestCreates.Modularity\CrestCreates.Modularity.csproj", "{F130FBE7-EE70-4292-AFF7-50091746DCB2}"
EndProject
Project("{FAE04EC0-301F-11D3-BF4B-00C04F79EFBC}") = "CrestCreates.MultiTenancy.Abstract", "framework\src\CrestCreates.MultiTenancy.Abstract\CrestCreates.MultiTenancy.Abstract.csproj", "{82D7B619-83DB-4849-AEA2-4F095C777DBB}"
EndProject
Project("{FAE04EC0-301F-11D3-BF4B-00C04F79EFBC}") = "CrestCreates.MultiTenancy", "framework\src\CrestCreates.MultiTenancy\CrestCreates.MultiTenancy.csproj", "{873FC837-5D7A-4F32-A376-456EECDA091B}"
EndProject
Project("{FAE04EC0-301F-11D3-BF4B-00C04F79EFBC}") = "CrestCreates.OrmProviders.Abstract", "framework\src\CrestCreates.OrmProviders.Abstract\CrestCreates.OrmProviders.Abstract.csproj", "{3AA41DF7-2AFE-46DA-A614-F34691D4F8A0}"
EndProject
Project("{FAE04EC0-301F-11D3-BF4B-00C04F79EFBC}") = "CrestCreates.Scheduling", "framework\src\CrestCreates.Scheduling\CrestCreates.Scheduling.csproj", "{A8E2601C-D714-488E-A100-2843843359ED}"
EndProject
Project("{FAE04EC0-301F-11D3-BF4B-00C04F79EFBC}") = "CrestCreates.Security", "framework\src\CrestCreates.Security\CrestCreates.Security.csproj", "{00000000-0000-0000-0000-000000000000}"
EndProject
Project("{FAE04EC0-301F-11D3-BF4B-00C04F79EFBC}") = "CrestCreates.Testing", "framework\src\CrestCreates.Testing\CrestCreates.Testing.csproj", "{00000000-0000-0000-0000-000000000000}"
EndProject
Project("{FAE04EC0-301F-11D3-BF4B-00C04F79EFBC}") = "CrestCreates.Validation", "framework\src\CrestCreates.Validation\CrestCreates.Validation.csproj", "{3256B6B6-6E8A-47B1-8182-A313EC72797B}"
EndProject
Project("{FAE04EC0-301F-11D3-BF4B-00C04F79EFBC}") = "CrestCreates.Identity", "framework\src\CrestCreates.Identity\CrestCreates.Identity.csproj", "{398279F3-943C-4369-B03B-5AC51099DA25}"
EndProject

Project("{FAE04EC0-301F-11D3-BF4B-00C04F79EFBC}") = "CrestCreates.AspNetCore", "framework\src\CrestCreates.AspNetCore\CrestCreates.AspNetCore.csproj", "{00000000-0000-0000-0000-000000000000}"
EndProject
Project("{FAE04EC0-301F-11D3-BF4B-00C04F79EFBC}") = "CrestCreates.DynamicApi", "framework\src\CrestCreates.DynamicApi\CrestCreates.DynamicApi.csproj", "{00000000-0000-0000-0000-000000000000}"
EndProject
Project("{FAE04EC0-301F-11D3-BF4B-00C04F79EFBC}") = "CrestCreates.FileManagement", "framework\src\CrestCreates.FileManagement\CrestCreates.FileManagement.csproj", "{00000000-0000-0000-0000-000000000000}"
EndProject
Project("{FAE04EC0-301F-11D3-BF4B-00C04F79EFBC}") = "CrestCreates.HealthCheck.AspNetCore", "framework\src\CrestCreates.HealthCheck.AspNetCore\CrestCreates.HealthCheck.AspNetCore.csproj", "{00000000-0000-0000-0000-000000000000}"
EndProject
Project("{FAE04EC0-301F-11D3-BF4B-00C04F79EFBC}") = "CrestCreates.HealthCheck.Mvc", "framework\src\CrestCreates.HealthCheck.Mvc\CrestCreates.HealthCheck.Mvc.csproj", "{00000000-0000-0000-0000-000000000000}"
EndProject


Project("{FAE04EC0-301F-11D3-BF4B-00C04F79EFBC}") = "CrestCreates.EventBus.Kafka", "framework\src\CrestCreates.EventBus.Kafka\CrestCreates.EventBus.Kafka.csproj", "{00000000-0000-0000-0000-000000000000}"
EndProject
Project("{FAE04EC0-301F-11D3-BF4B-00C04F79EFBC}") = "CrestCreates.EventBus.Local", "framework\src\CrestCreates.EventBus.Local\CrestCreates.EventBus.Local.csproj", "{00000000-0000-0000-0000-000000000000}"
EndProject
Project("{FAE04EC0-301F-11D3-BF4B-00C04F79EFBC}") = "CrestCreates.EventBus.RabbitMQ", "framework\src\CrestCreates.EventBus.RabbitMQ\CrestCreates.EventBus.RabbitMQ.csproj", "{00000000-0000-0000-0000-000000000000}"
EndProject

Project("{FAE04EC0-301F-11D3-BF4B-00C04F79EFBC}") = "CrestCreates.OrmProviders.EFCore", "framework\src\CrestCreates.OrmProviders.EFCore\CrestCreates.OrmProviders.EFCore.csproj", "{7ED3DD8C-2030-46AD-8EA7-981F80E721A1}"
EndProject
Project("{FAE04EC0-301F-11D3-BF4B-00C04F79EFBC}") = "CrestCreates.OrmProviders.FreeSqlProvider", "framework\src\CrestCreates.OrmProviders.FreeSqlProvider\CrestCreates.OrmProviders.FreeSqlProvider.csproj", "{89082868-7B57-4FD7-B950-FE84F470D083}"
EndProject
Project("{FAE04EC0-301F-11D3-BF4B-00C04F79EFBC}") = "CrestCreates.OrmProviders.SqlSugar", "framework\src\CrestCreates.OrmProviders.SqlSugar\CrestCreates.OrmProviders.SqlSugar.csproj", "{8E31E6F1-3821-4DFD-BB7C-3C46AAD6448D}"
EndProject

Project("{FAE04EC0-301F-11D3-BF4B-00C04F79EFBC}") = "CrestCreates.Scheduling.Quartz", "framework\src\CrestCreates.Scheduling.Quartz\CrestCreates.Scheduling.Quartz.csproj", "{00000000-0000-0000-0000-000000000000}"
EndProject

Project("{FAE04EC0-301F-11D3-BF4B-00C04F79EFBC}") = "CrestCreates.CodeGenerator.Tests", "framework\test\CrestCreates.CodeGenerator.Tests\CrestCreates.CodeGenerator.Tests.csproj", "{A1C9E572-195F-4028-B44B-4139305B55D4}"
EndProject
Project("{FAE04EC0-301F-11D3-BF4B-00C04F79EFBC}") = "CrestCreates.Database.Migrations.Tests", "framework\test\CrestCreates.Database.Migrations.Tests\CrestCreates.Database.Migrations.Tests.csproj", "{00000000-0000-0000-0000-000000000000}"
EndProject
Project("{FAE04EC0-301F-11D3-BF4B-00C04F79EFBC}") = "CrestCreates.DistributedTransaction.Tests", "framework\test\CrestCreates.DistributedTransaction.Tests\CrestCreates.DistributedTransaction.Tests.csproj", "{00000000-0000-0000-0000-000000000000}"
EndProject
Project("{FAE04EC0-301F-11D3-BF4B-00C04F79EFBC}") = "CrestCreates.Domain.Tests", "framework\test\CrestCreates.Domain.Tests\CrestCreates.Domain.Tests.csproj", "{00000000-0000-0000-0000-000000000000}"
EndProject
Project("{FAE04EC0-301F-11D3-BF4B-00C04F79EFBC}") = "CrestCreates.EventBus.Tests", "framework\test\CrestCreates.EventBus.Tests\CrestCreates.EventBus.Tests.csproj", "{00000000-0000-0000-0000-000000000000}"
EndProject
Project("{FAE04EC0-301F-11D3-BF4B-00C04F79EFBC}") = "CrestCreates.Infrastructure.Tests", "framework\test\CrestCreates.Infrastructure.Tests\CrestCreates.Infrastructure.Tests.csproj", "{6773BAD4-67C1-4215-8647-0CFFA77019B1}"
EndProject
Project("{FAE04EC0-301F-11D3-BF4B-00C04F79EFBC}") = "CrestCreates.OrmProviders.Tests", "framework\test\CrestCreates.OrmProviders.Tests\CrestCreates.OrmProviders.Tests.csproj", "{00000000-0000-0000-0000-000000000000}"
EndProject
Project("{FAE04EC0-301F-11D3-BF4B-00C04F79EFBC}") = "CrestCreates.TestBase", "framework\test\CrestCreates.TestBase\CrestCreates.TestBase.csproj", "{23D1648B-F1A7-4F71-8173-B8E520F62643}"
EndProject

Project("{FAE04EC0-301F-11D3-BF4B-00C04F79EFBC}") = "CrestCreates.CodeGenerator", "framework\tools\CrestCreates.CodeGenerator\CrestCreates.CodeGenerator.csproj", "{11DC02F7-D28E-448D-85AB-0C0901E00B5D}"
EndProject

Project("{FAE04EC0-301F-11D3-BF4B-00C04F79EFBC}") = "LibraryManagement.Application", "samples\LibraryManagement\LibraryManagement.Application\LibraryManagement.Application.csproj", "{F235FC21-65D1-47D3-A576-5B6A37F6BD1F}"
EndProject
Project("{FAE04EC0-301F-11D3-BF4B-00C04F79EFBC}") = "LibraryManagement.Application.Contracts", "samples\LibraryManagement\LibraryManagement.Application.Contracts\LibraryManagement.Application.Contracts.csproj", "{06B9669A-EE61-43CA-A875-4F51A5BC136A}"
EndProject
Project("{FAE04EC0-301F-11D3-BF4B-00C04F79EFBC}") = "LibraryManagement.Domain", "samples\LibraryManagement\LibraryManagement.Domain\LibraryManagement.Domain.csproj", "{12C87104-F855-4C8C-8B07-0AB195BFE492}"
EndProject
Project("{FAE04EC0-301F-11D3-BF4B-00C04F79EFBC}") = "LibraryManagement.Domain.Shared", "samples\LibraryManagement\LibraryManagement.Domain.Shared\LibraryManagement.Domain.Shared.csproj", "{D48EA265-36AC-4B8D-AD49-032BBC8FD0C3}"
EndProject
Project("{FAE04EC0-301F-11D3-BF4B-00C04F79EFBC}") = "LibraryManagement.EntityFrameworkCore", "samples\LibraryManagement\LibraryManagement.EntityFrameworkCore\LibraryManagement.EntityFrameworkCore.csproj", "{8EB1885D-4467-412A-9B06-A0677D81AE49}"
EndProject
Project("{FAE04EC0-301F-11D3-BF4B-00C04F79EFBC}") = "LibraryManagement.Web", "samples\LibraryManagement\LibraryManagement.Web\LibraryManagement.Web.csproj", "{796E0304-BF3A-44DA-9E0A-D73725744CFE}"
EndProject
Project("{2150E333-8FDC-42A3-9474-1A3956D46DE8}") = "HealthCheck", "HealthCheck", "{DC9817C4-77C5-4150-B652-D757324C60F8}"
EndProject
Project("{FAE04EC0-301F-11D3-BF4B-00C04F79EFBC}") = "CrestCreates.DistributedTransaction.CAP", "framework\src\CrestCreates.DistributedTransaction.CAP\CrestCreates.DistributedTransaction.CAP.csproj", "{986381D9-252D-4A11-AE32-CA5B68FC4CEC}"
EndProject
Project("{FAE04EC0-301F-11D3-BF4B-00C04F79EFBC}") = "CrestCreates.BuildTasks", "framework\tools\CrestCreates.BuildTasks\CrestCreates.BuildTasks.csproj", "{D46BB279-8D87-4890-9C54-4CC3CFDB22AD}"
EndProject
Project("{FAE04EC0-301F-11D3-BF4B-00C04F79EFBC}") = "CrestCreates.EventBus.EventStore", "framework\src\CrestCreates.EventBus.EventStore\CrestCreates.EventBus.EventStore.csproj", "{B5E3AF38-0B06-4601-B605-8070CC92F125}"
EndProject

Global
	GlobalSection(SolutionConfigurationPlatforms) = preSolution
		Debug|Any CPU = Debug|Any CPU
		Release|Any CPU = Release|Any CPU
	EndGlobalSection
	GlobalSection(ProjectConfigurationPlatforms) = postSolution
		{2AFA3812-BF4C-4BCA-BEC9-7F87775D98D1}.Debug|Any CPU.ActiveCfg = Debug|Any CPU
		{2AFA3812-BF4C-4BCA-BEC9-7F87775D98D1}.Debug|Any CPU.Build.0 = Debug|Any CPU
		{2AFA3812-BF4C-4BCA-BEC9-7F87775D98D1}.Release|Any CPU.ActiveCfg = Release|Any CPU
		{2AFA3812-BF4C-4BCA-BEC9-7F87775D98D1}.Release|Any CPU.Build.0 = Release|Any CPU
		{FA5B27B0-2C13-4754-A65D-26DEAA1AD8F0}.Debug|Any CPU.ActiveCfg = Debug|Any CPU
		{FA5B27B0-2C13-4754-A65D-26DEAA1AD8F0}.Debug|Any CPU.Build.0 = Debug|Any CPU
		{FA5B27B0-2C13-4754-A65D-26DEAA1AD8F0}.Release|Any CPU.ActiveCfg = Release|Any CPU
		{FA5B27B0-2C13-4754-A65D-26DEAA1AD8F0}.Release|Any CPU.Build.0 = Release|Any CPU
		{5105905E-E3DE-464A-B5A5-339DC7226A04}.Debug|Any CPU.ActiveCfg = Debug|Any CPU
		{5105905E-E3DE-464A-B5A5-339DC7226A04}.Debug|Any CPU.Build.0 = Debug|Any CPU
		{5105905E-E3DE-464A-B5A5-339DC7226A04}.Release|Any CPU.ActiveCfg = Release|Any CPU
		{5105905E-E3DE-464A-B5A5-339DC7226A04}.Release|Any CPU.Build.0 = Release|Any CPU
		{521CD2B1-CE86-4110-8594-7F97A28BDEA6}.Debug|Any CPU.ActiveCfg = Debug|Any CPU
		{521CD2B1-CE86-4110-8594-7F97A28BDEA6}.Debug|Any CPU.Build.0 = Debug|Any CPU
		{521CD2B1-CE86-4110-8594-7F97A28BDEA6}.Release|Any CPU.ActiveCfg = Release|Any CPU
		{521CD2B1-CE86-4110-8594-7F97A28BDEA6}.Release|Any CPU.Build.0 = Release|Any CPU
		{A7A836BB-427D-40E3-8FE9-8CC40B69FC95}.Debug|Any CPU.ActiveCfg = Debug|Any CPU
		{A7A836BB-427D-40E3-8FE9-8CC40B69FC95}.Debug|Any CPU.Build.0 = Debug|Any CPU
		{A7A836BB-427D-40E3-8FE9-8CC40B69FC95}.Release|Any CPU.ActiveCfg = Release|Any CPU
		{A7A836BB-427D-40E3-8FE9-8CC40B69FC95}.Release|Any CPU.Build.0 = Release|Any CPU
		{A5B6C7D8-E9F0-4A1B-8C2D-3E4F5A6B7C8D}.Debug|Any CPU.ActiveCfg = Debug|Any CPU
		{A5B6C7D8-E9F0-4A1B-8C2D-3E4F5A6B7C8D}.Debug|Any CPU.Build.0 = Debug|Any CPU
		{A5B6C7D8-E9F0-4A1B-8C2D-3E4F5A6B7C8D}.Release|Any CPU.ActiveCfg = Release|Any CPU
		{A5B6C7D8-E9F0-4A1B-8C2D-3E4F5A6B7C8D}.Release|Any CPU.Build.0 = Release|Any CPU
		{D7D76AF4-7B44-4744-BD91-7BAE52BC1422}.Debug|Any CPU.ActiveCfg = Debug|Any CPU
		{D7D76AF4-7B44-4744-BD91-7BAE52BC1422}.Debug|Any CPU.Build.0 = Debug|Any CPU
		{D7D76AF4-7B44-4744-BD91-7BAE52BC1422}.Release|Any CPU.ActiveCfg = Release|Any CPU
		{D7D76AF4-7B44-4744-BD91-7BAE52BC1422}.Release|Any CPU.Build.0 = Release|Any CPU
		{CEC3956E-CF1E-43B3-ABB8-CD9C3E085619}.Debug|Any CPU.ActiveCfg = Debug|Any CPU
		{CEC3956E-CF1E-43B3-ABB8-CD9C3E085619}.Debug|Any CPU.Build.0 = Debug|Any CPU
		{CEC3956E-CF1E-43B3-ABB8-CD9C3E085619}.Release|Any CPU.ActiveCfg = Release|Any CPU
		{CEC3956E-CF1E-43B3-ABB8-CD9C3E085619}.Release|Any CPU.Build.0 = Release|Any CPU
		{BA5159D6-534F-4C28-BCDC-3B250D543576}.Debug|Any CPU.ActiveCfg = Debug|Any CPU
		{BA5159D6-534F-4C28-BCDC-3B250D543576}.Debug|Any CPU.Build.0 = Debug|Any CPU
		{BA5159D6-534F-4C28-BCDC-3B250D543576}.Release|Any CPU.ActiveCfg = Release|Any CPU
		{BA5159D6-534F-4C28-BCDC-3B250D543576}.Release|Any CPU.Build.0 = Release|Any CPU
		{F130FBE7-EE70-4292-AFF7-50091746DCB2}.Debug|Any CPU.ActiveCfg = Debug|Any CPU
		{F130FBE7-EE70-4292-AFF7-50091746DCB2}.Debug|Any CPU.Build.0 = Debug|Any CPU
		{F130FBE7-EE70-4292-AFF7-50091746DCB2}.Release|Any CPU.ActiveCfg = Release|Any CPU
		{F130FBE7-EE70-4292-AFF7-50091746DCB2}.Release|Any CPU.Build.0 = Release|Any CPU
		{82D7B619-83DB-4849-AEA2-4F095C777DBB}.Debug|Any CPU.ActiveCfg = Debug|Any CPU
		{82D7B619-83DB-4849-AEA2-4F095C777DBB}.Debug|Any CPU.Build.0 = Debug|Any CPU
		{82D7B619-83DB-4849-AEA2-4F095C777DBB}.Release|Any CPU.ActiveCfg = Release|Any CPU
		{82D7B619-83DB-4849-AEA2-4F095C777DBB}.Release|Any CPU.Build.0 = Release|Any CPU
		{873FC837-5D7A-4F32-A376-456EECDA091B}.Debug|Any CPU.ActiveCfg = Debug|Any CPU
		{873FC837-5D7A-4F32-A376-456EECDA091B}.Debug|Any CPU.Build.0 = Debug|Any CPU
		{873FC837-5D7A-4F32-A376-456EECDA091B}.Release|Any CPU.ActiveCfg = Release|Any CPU
		{873FC837-5D7A-4F32-A376-456EECDA091B}.Release|Any CPU.Build.0 = Release|Any CPU
		{3AA41DF7-2AFE-46DA-A614-F34691D4F8A0}.Debug|Any CPU.ActiveCfg = Debug|Any CPU
		{3AA41DF7-2AFE-46DA-A614-F34691D4F8A0}.Debug|Any CPU.Build.0 = Debug|Any CPU
		{3AA41DF7-2AFE-46DA-A614-F34691D4F8A0}.Release|Any CPU.ActiveCfg = Release|Any CPU
		{3AA41DF7-2AFE-46DA-A614-F34691D4F8A0}.Release|Any CPU.Build.0 = Release|Any CPU
		{A8E2601C-D714-488E-A100-2843843359ED}.Debug|Any CPU.ActiveCfg = Debug|Any CPU
		{A8E2601C-D714-488E-A100-2843843359ED}.Debug|Any CPU.Build.0 = Debug|Any CPU
		{A8E2601C-D714-488E-A100-2843843359ED}.Release|Any CPU.ActiveCfg = Release|Any CPU
		{A8E2601C-D714-488E-A100-2843843359ED}.Release|Any CPU.Build.0 = Release|Any CPU
		{3256B6B6-6E8A-47B1-8182-A313EC72797B}.Debug|Any CPU.ActiveCfg = Debug|Any CPU
		{3256B6B6-6E8A-47B1-8182-A313EC72797B}.Debug|Any CPU.Build.0 = Debug|Any CPU
		{3256B6B6-6E8A-47B1-8182-A313EC72797B}.Release|Any CPU.ActiveCfg = Release|Any CPU
		{3256B6B6-6E8A-47B1-8182-A313EC72797B}.Release|Any CPU.Build.0 = Release|Any CPU
		{398279F3-943C-4369-B03B-5AC51099DA25}.Debug|Any CPU.ActiveCfg = Debug|Any CPU
		{398279F3-943C-4369-B03B-5AC51099DA25}.Debug|Any CPU.Build.0 = Debug|Any CPU
		{398279F3-943C-4369-B03B-5AC51099DA25}.Release|Any CPU.ActiveCfg = Release|Any CPU
		{398279F3-943C-4369-B03B-5AC51099DA25}.Release|Any CPU.Build.0 = Release|Any CPU
		{7ED3DD8C-2030-46AD-8EA7-981F80E721A1}.Debug|Any CPU.ActiveCfg = Debug|Any CPU
		{7ED3DD8C-2030-46AD-8EA7-981F80E721A1}.Debug|Any CPU.Build.0 = Debug|Any CPU
		{7ED3DD8C-2030-46AD-8EA7-981F80E721A1}.Release|Any CPU.ActiveCfg = Release|Any CPU
		{7ED3DD8C-2030-46AD-8EA7-981F80E721A1}.Release|Any CPU.Build.0 = Release|Any CPU
		{89082868-7B57-4FD7-B950-FE84F470D083}.Debug|Any CPU.ActiveCfg = Debug|Any CPU
		{89082868-7B57-4FD7-B950-FE84F470D083}.Debug|Any CPU.Build.0 = Debug|Any CPU
		{89082868-7B57-4FD7-B950-FE84F470D083}.Release|Any CPU.ActiveCfg = Release|Any CPU
		{89082868-7B57-4FD7-B950-FE84F470D083}.Release|Any CPU.Build.0 = Release|Any CPU
		{8E31E6F1-3821-4DFD-BB7C-3C46AAD6448D}.Debug|Any CPU.ActiveCfg = Debug|Any CPU
		{8E31E6F1-3821-4DFD-BB7C-3C46AAD6448D}.Debug|Any CPU.Build.0 = Debug|Any CPU
		{8E31E6F1-3821-4DFD-BB7C-3C46AAD6448D}.Release|Any CPU.ActiveCfg = Release|Any CPU
		{8E31E6F1-3821-4DFD-BB7C-3C46AAD6448D}.Release|Any CPU.Build.0 = Release|Any CPU
		{11DC02F7-D28E-448D-85AB-0C0901E00B5D}.Debug|Any CPU.ActiveCfg = Debug|Any CPU
		{11DC02F7-D28E-448D-85AB-0C0901E00B5D}.Debug|Any CPU.Build.0 = Debug|Any CPU
		{11DC02F7-D28E-448D-85AB-0C0901E00B5D}.Release|Any CPU.ActiveCfg = Release|Any CPU
		{11DC02F7-D28E-448D-85AB-0C0901E00B5D}.Release|Any CPU.Build.0 = Release|Any CPU
		{A1C9E572-195F-4028-B44B-4139305B55D4}.Debug|Any CPU.ActiveCfg = Debug|Any CPU
		{A1C9E572-195F-4028-B44B-4139305B55D4}.Debug|Any CPU.Build.0 = Debug|Any CPU
		{A1C9E572-195F-4028-B44B-4139305B55D4}.Release|Any CPU.ActiveCfg = Release|Any CPU
		{A1C9E572-195F-4028-B44B-4139305B55D4}.Release|Any CPU.Build.0 = Release|Any CPU
		{6773BAD4-67C1-4215-8647-0CFFA77019B1}.Debug|Any CPU.ActiveCfg = Debug|Any CPU
		{6773BAD4-67C1-4215-8647-0CFFA77019B1}.Debug|Any CPU.Build.0 = Debug|Any CPU
		{6773BAD4-67C1-4215-8647-0CFFA77019B1}.Release|Any CPU.ActiveCfg = Release|Any CPU
		{6773BAD4-67C1-4215-8647-0CFFA77019B1}.Release|Any CPU.Build.0 = Release|Any CPU
		{23D1648B-F1A7-4F71-8173-B8E520F62643}.Debug|Any CPU.ActiveCfg = Debug|Any CPU
		{23D1648B-F1A7-4F71-8173-B8E520F62643}.Debug|Any CPU.Build.0 = Debug|Any CPU
		{23D1648B-F1A7-4F71-8173-B8E520F62643}.Release|Any CPU.ActiveCfg = Release|Any CPU
		{23D1648B-F1A7-4F71-8173-B8E520F62643}.Release|Any CPU.Build.0 = Release|Any CPU
		{F235FC21-65D1-47D3-A576-5B6A37F6BD1F}.Debug|Any CPU.ActiveCfg = Debug|Any CPU
		{F235FC21-65D1-47D3-A576-5B6A37F6BD1F}.Debug|Any CPU.Build.0 = Debug|Any CPU
		{F235FC21-65D1-47D3-A576-5B6A37F6BD1F}.Release|Any CPU.ActiveCfg = Release|Any CPU
		{F235FC21-65D1-47D3-A576-5B6A37F6BD1F}.Release|Any CPU.Build.0 = Release|Any CPU
		{06B9669A-EE61-43CA-A875-4F51A5BC136A}.Debug|Any CPU.ActiveCfg = Debug|Any CPU
		{06B9669A-EE61-43CA-A875-4F51A5BC136A}.Debug|Any CPU.Build.0 = Debug|Any CPU
		{06B9669A-EE61-43CA-A875-4F51A5BC136A}.Release|Any CPU.ActiveCfg = Release|Any CPU
		{06B9669A-EE61-43CA-A875-4F51A5BC136A}.Release|Any CPU.Build.0 = Release|Any CPU
		{12C87104-F855-4C8C-8B07-0AB195BFE492}.Debug|Any CPU.ActiveCfg = Debug|Any CPU
		{12C87104-F855-4C8C-8B07-0AB195BFE492}.Debug|Any CPU.Build.0 = Debug|Any CPU
		{12C87104-F855-4C8C-8B07-0AB195BFE492}.Release|Any CPU.ActiveCfg = Release|Any CPU
		{12C87104-F855-4C8C-8B07-0AB195BFE492}.Release|Any CPU.Build.0 = Release|Any CPU
		{D48EA265-36AC-4B8D-AD49-032BBC8FD0C3}.Debug|Any CPU.ActiveCfg = Debug|Any CPU
		{D48EA265-36AC-4B8D-AD49-032BBC8FD0C3}.Debug|Any CPU.Build.0 = Debug|Any CPU
		{D48EA265-36AC-4B8D-AD49-032BBC8FD0C3}.Release|Any CPU.ActiveCfg = Release|Any CPU
		{D48EA265-36AC-4B8D-AD49-032BBC8FD0C3}.Release|Any CPU.Build.0 = Release|Any CPU
		{8EB1885D-4467-412A-9B06-A0677D81AE49}.Debug|Any CPU.ActiveCfg = Debug|Any CPU
		{8EB1885D-4467-412A-9B06-A0677D81AE49}.Debug|Any CPU.Build.0 = Debug|Any CPU
		{8EB1885D-4467-412A-9B06-A0677D81AE49}.Release|Any CPU.ActiveCfg = Release|Any CPU
		{8EB1885D-4467-412A-9B06-A0677D81AE49}.Release|Any CPU.Build.0 = Release|Any CPU
		{796E0304-BF3A-44DA-9E0A-D73725744CFE}.Debug|Any CPU.ActiveCfg = Debug|Any CPU
		{796E0304-BF3A-44DA-9E0A-D73725744CFE}.Debug|Any CPU.Build.0 = Debug|Any CPU
		{796E0304-BF3A-44DA-9E0A-D73725744CFE}.Release|Any CPU.ActiveCfg = Release|Any CPU
		{796E0304-BF3A-44DA-9E0A-D73725744CFE}.Release|Any CPU.Build.0 = Release|Any CPU
		{F1E2D3C4-B5A6-9876-5432-109876543210}.Debug|Any CPU.ActiveCfg = Debug|Any CPU
		{F1E2D3C4-B5A6-9876-5432-109876543210}.Debug|Any CPU.Build.0 = Debug|Any CPU
		{986381D9-252D-4A11-AE32-CA5B68FC4CEC}.Debug|Any CPU.ActiveCfg = Debug|Any CPU
		{986381D9-252D-4A11-AE32-CA5B68FC4CEC}.Debug|Any CPU.Build.0 = Debug|Any CPU
		{986381D9-252D-4A11-AE32-CA5B68FC4CEC}.Release|Any CPU.ActiveCfg = Release|Any CPU
		{986381D9-252D-4A11-AE32-CA5B68FC4CEC}.Release|Any CPU.Build.0 = Release|Any CPU
		{D46BB279-8D87-4890-9C54-4CC3CFDB22AD}.Debug|Any CPU.ActiveCfg = Debug|Any CPU
		{D46BB279-8D87-4890-9C54-4CC3CFDB22AD}.Debug|Any CPU.Build.0 = Debug|Any CPU
		{D46BB279-8D87-4890-9C54-4CC3CFDB22AD}.Release|Any CPU.ActiveCfg = Release|Any CPU
		{D46BB279-8D87-4890-9C54-4CC3CFDB22AD}.Release|Any CPU.Build.0 = Release|Any CPU
		{B5E3AF38-0B06-4601-B605-8070CC92F125}.Debug|Any CPU.ActiveCfg = Debug|Any CPU
		{B5E3AF38-0B06-4601-B605-8070CC92F125}.Debug|Any CPU.Build.0 = Debug|Any CPU
		{B5E3AF38-0B06-4601-B605-8070CC92F125}.Release|Any CPU.ActiveCfg = Release|Any CPU
		{B5E3AF38-0B06-4601-B605-8070CC92F125}.Release|Any CPU.Build.0 = Release|Any CPU
		{00000000-0000-0000-0000-000000000000}.Debug|Any CPU.ActiveCfg = Debug|Any CPU
		{00000000-0000-0000-0000-000000000000}.Debug|Any CPU.Build.0 = Debug|Any CPU
	EndGlobalSection
	GlobalSection(SolutionProperties) = preSolution
		HideSolutionNode = FALSE
	EndGlobalSection
	GlobalSection(NestedProjects) = preSolution
		{FA5B27B0-2C13-4754-A65D-26DEAA1AD8F0} = {11223344-5566-7788-99AA-BBCCDDEEFF00}
		{5105905E-E3DE-464A-B5A5-339DC7226A04} = {11223344-5566-7788-99AA-BBCCDDEEFF00}
		{521CD2B1-CE86-4110-8594-7F97A28BDEA6} = {11223344-5566-7788-99AA-BBCCDDEEFF00}
		{A7A836BB-427D-40E3-8FE9-8CC40B69FC95} = {11223344-5566-7788-99AA-BBCCDDEEFF00}
		{A5B6C7D8-E9F0-4A1B-8C2D-3E4F5A6B7C8D} = {11223344-5566-7788-99AA-BBCCDDEEFF00}
		{D7D76AF4-7B44-4744-BD91-7BAE52BC1422} = {11223344-5566-7788-99AA-BBCCDDEEFF00}
		{CEC3956E-CF1E-43B3-ABB8-CD9C3E085619} = {11223344-5566-7788-99AA-BBCCDDEEFF00}
		{BA5159D6-534F-4C28-BCDC-3B250D543576} = {11223344-5566-7788-99AA-BBCCDDEEFF00}
		{F130FBE7-EE70-4292-AFF7-50091746DCB2} = {11223344-5566-7788-99AA-BBCCDDEEFF00}
		{82D7B619-83DB-4849-AEA2-4F095C777DBB} = {11223344-5566-7788-99AA-BBCCDDEEFF00}
		{873FC837-5D7A-4F32-A376-456EECDA091B} = {11223344-5566-7788-99AA-BBCCDDEEFF00}
		{3AA41DF7-2AFE-46DA-A614-F34691D4F8A0} = {11223344-5566-7788-99AA-BBCCDDEEFF00}
		{A8E2601C-D714-488E-A100-2843843359ED} = {11223344-5566-7788-99AA-BBCCDDEEFF00}
		{3256B6B6-6E8A-47B1-8182-A313EC72797B} = {11223344-5566-7788-99AA-BBCCDDEEFF00}
		{398279F3-943C-4369-B03B-5AC51099DA25} = {11223344-5566-7788-99AA-BBCCDDEEFF00}

		{7ED3DD8C-2030-46AD-8EA7-981F80E721A1} = {55667788-99AA-BBCC-DDDE-EEFF00112233}
		{89082868-7B57-4FD7-B950-FE84F470D083} = {55667788-99AA-BBCC-DDDE-EEFF00112233}
		{8E31E6F1-3821-4DFD-BB7C-3C46AAD6448D} = {55667788-99AA-BBCC-DDDE-EEFF00112233}
		{A1C9E572-195F-4028-B44B-4139305B55D4} = {778899AA-BBCC-DDDE-EEFF-001122334455}
		{6773BAD4-67C1-4215-8647-0CFFA77019B1} = {778899AA-BBCC-DDDE-EEFF-001122334455}
		{23D1648B-F1A7-4F71-8173-B8E520F62643} = {778899AA-BBCC-DDDE-EEFF-001122334455}
		{11DC02F7-D28E-448D-85AB-0C0901E00B5D} = {8899AABB-CCDD-EEFF-0011-223344556677}
		{AABBCCDD-EEFF-0011-2233-445566778899} = {99AABBCC-DDDE-EEFF-0011-223344556677}
		{F235FC21-65D1-47D3-A576-5B6A37F6BD1F} = {AABBCCDD-EEFF-0011-2233-445566778899}
		{06B9669A-EE61-43CA-A875-4F51A5BC136A} = {AABBCCDD-EEFF-0011-2233-445566778899}
		{12C87104-F855-4C8C-8B07-0AB195BFE492} = {AABBCCDD-EEFF-0011-2233-445566778899}
		{D48EA265-36AC-4B8D-AD49-032BBC8FD0C3} = {AABBCCDD-EEFF-0011-2233-445566778899}
		{8EB1885D-4467-412A-9B06-A0677D81AE49} = {AABBCCDD-EEFF-0011-2233-445566778899}
		{796E0304-BF3A-44DA-9E0A-D73725744CFE} = {AABBCCDD-EEFF-0011-2233-445566778899}
		{11223344-5566-7788-99AA-BBCCDDEEFF00} = {00112233-4455-6677-8899-AABBCCDDEEFF}
		{22334455-6677-8899-AABB-CCDDEEFF0011} = {00112233-4455-6677-8899-AABBCCDDEEFF}
		{33445566-7788-99AA-BBCC-DDEEFF001122} = {22334455-6677-8899-AABB-CCDDEEFF0011}
		{44556677-8899-AABB-CCDD-EEFF00112233} = {22334455-6677-8899-AABB-CCDDEEFF0011}
		{55667788-99AA-BBCC-DDDE-EEFF00112233} = {22334455-6677-8899-AABB-CCDDEEFF0011}
		{66778899-AABB-CCDD-DEEE-FF0011223344} = {22334455-6677-8899-AABB-CCDDEEFF0011}
		{778899AA-BBCC-DDDE-EEFF-001122334455} = {00112233-4455-6677-8899-AABBCCDDEEFF}
		{8899AABB-CCDD-EEFF-0011-223344556677} = {00112233-4455-6677-8899-AABBCCDDEEFF}
		{99AABBCC-DDDE-EEFF-0011-223344556677} = {00112233-4455-6677-8899-AABBCCDDEEFF}
		{F1E2D3C4-B5A6-9876-5432-109876543210} = {11223344-5566-7788-99AA-BBCCDDEEFF00}
		{DC9817C4-77C5-4150-B652-D757324C60F8} = {22334455-6677-8899-AABB-CCDDEEFF0011}
		{2AFA3812-BF4C-4BCA-BEC9-7F87775D98D1} = {99AABBCC-DDDE-EEFF-0011-223344556677}
		{986381D9-252D-4A11-AE32-CA5B68FC4CEC} = {33445566-7788-99AA-BBCC-DDEEFF001122}
		{D46BB279-8D87-4890-9C54-4CC3CFDB22AD} = {8899AABB-CCDD-EEFF-0011-223344556677}
		{B5E3AF38-0B06-4601-B605-8070CC92F125} = {44556677-8899-AABB-CCDD-EEFF00112233}
		{00000000-0000-0000-0000-000000000000} = {DC9817C4-77C5-4150-B652-D757324C60F8}
	EndGlobalSection
EndGlobal
