<Solution>
  <Folder Name="/src/">
    <Project Path="src/CrestCreates.Sample.Procurement.Application/CrestCreates.Sample.Procurement.Application.csproj" />
    <Project Path="src/CrestCreates.Sample.Procurement.Contracts/CrestCreates.Sample.Procurement.Contracts.csproj" />
    <Project Path="src/CrestCreates.Sample.Procurement.Domain/CrestCreates.Sample.Procurement.Domain.csproj" />
    <Project Path="src/CrestCreates.Sample.Procurement.Host/CrestCreates.Sample.Procurement.Host.csproj" />
  </Folder>
  <Folder Name="/tests/">
    <Project Path="tests/CrestCreates.Sample.Procurement.AotFixture.Tests/CrestCreates.Sample.Procurement.AotFixture.Tests.csproj" />
    <Project Path="tests/CrestCreates.Sample.Procurement.E2E.Tests/CrestCreates.Sample.Procurement.E2E.Tests.csproj" />
    <Project Path="tests/CrestCreates.Sample.Procurement.Tests/CrestCreates.Sample.Procurement.Tests.csproj" />
  </Folder>
  <Project Path="../../src/Core/CrestCreates.Core.Abstractions/CrestCreates.Core.Abstractions.csproj" />
  <Project Path="../../src/Framework/Api/CrestCreates.DynamicApi.Abstractions/CrestCreates.DynamicApi.Abstractions.csproj" />
  <Project Path="../../src/Framework/Api/CrestCreates.DynamicApi/CrestCreates.DynamicApi.csproj" />
  <Project Path="../../src/Framework/Ddd/CrestCreates.Application.Contracts/CrestCreates.Application.Contracts.csproj" />
  <Project Path="../../src/Framework/Ddd/CrestCreates.Application/CrestCreates.Application.csproj" />
  <Project Path="../../src/Framework/Ddd/CrestCreates.Domain.Shared/CrestCreates.Domain.Shared.csproj" />
  <Project Path="../../src/Framework/Ddd/CrestCreates.Domain/CrestCreates.Domain.csproj" />
  <Project Path="../../src/Framework/Infrastructure/CrestCreates.Aop.Abstractions/CrestCreates.Aop.Abstractions.csproj" />
  <Project Path="../../src/Framework/Infrastructure/CrestCreates.Aop/CrestCreates.Aop.csproj" />
  <Project Path="../../src/Framework/Infrastructure/CrestCreates.Authorization.Abstractions/CrestCreates.Authorization.Abstractions.csproj" />
  <Project Path="../../src/Framework/Infrastructure/CrestCreates.Authorization/CrestCreates.Authorization.csproj" />
  <Project Path="../../src/Framework/Infrastructure/CrestCreates.Caching.Abstractions/CrestCreates.Caching.Abstractions.csproj" />
  <Project Path="../../src/Framework/Infrastructure/CrestCreates.Caching/CrestCreates.Caching.csproj" />
  <Project Path="../../src/Framework/Infrastructure/CrestCreates.Infrastructure/CrestCreates.Infrastructure.csproj" />
  <Project Path="../../src/Framework/Infrastructure/CrestCreates.Localization/CrestCreates.Localization.csproj" />
  <Project Path="../../src/Framework/Infrastructure/CrestCreates.MultiTenancy.Abstract/CrestCreates.MultiTenancy.Abstract.csproj" />
  <Project Path="../../src/Framework/Infrastructure/CrestCreates.MultiTenancy/CrestCreates.MultiTenancy.csproj" />
  <Project Path="../../src/Framework/Infrastructure/CrestCreates.Security.Abstractions/CrestCreates.Security.Abstractions.csproj" />
  <Project Path="../../src/Framework/Infrastructure/CrestCreates.Validation/CrestCreates.Validation.csproj" />
  <Project Path="../../src/Framework/Modularity/CrestCreates.Modularity/CrestCreates.Modularity.csproj" />
  <Project Path="../../src/Framework/Modules/CrestCreates.Form.Abstractions/CrestCreates.Form.Abstractions.csproj" />
  <Project Path="../../src/Framework/Modules/CrestCreates.ModuleDiagnostics/CrestCreates.ModuleDiagnostics.csproj" />
  <Project Path="../../src/Framework/Web/CrestCreates.AspNetCore/CrestCreates.AspNetCore.csproj" />
  <Project Path="../../src/Integrations/CrestCreates.Mcp.Abstractions/CrestCreates.Mcp.Abstractions.csproj" />
  <Project Path="../../src/Integrations/CrestCreates.Mcp/CrestCreates.Mcp.csproj" />
  <Project Path="../../src/Metadata/CrestCreates.Metadata.Abstractions/CrestCreates.Metadata.Abstractions.csproj" />
  <Project Path="../../src/Metadata/CrestCreates.Metadata.AgentTool.Abstractions/CrestCreates.Metadata.AgentTool.Abstractions.csproj" />
  <Project Path="../../src/Metadata/CrestCreates.Metadata.Mcp.Abstractions/CrestCreates.Metadata.Mcp.Abstractions.csproj" />
  <Project Path="../../src/Metadata/CrestCreates.Metadata/CrestCreates.Metadata.csproj" />
  <Project Path="../../src/Metadata/CrestCreates.Schema.Abstractions/CrestCreates.Schema.Abstractions.csproj" />
  <Project Path="../../src/Metadata/CrestCreates.Schema/CrestCreates.Schema.csproj" />
  <Project Path="../../src/Metadata/CrestCreates.Snapshot.Abstractions/CrestCreates.Snapshot.Abstractions.csproj" />
  <Project Path="../../src/Metadata/Draft/CrestCreates.Draft.Abstractions/CrestCreates.Draft.Abstractions.csproj" />
  <Project Path="../../src/Persistence/CrestCreates.Data.Abstractions/CrestCreates.Data.Abstractions.csproj" />
  <Project Path="../../src/Persistence/CrestCreates.DbContextProvider.Abstract/CrestCreates.DbContextProvider.Abstract.csproj" />
  <Project Path="../../src/Runtime/Agent/CrestCreates.Agent.Abstractions/CrestCreates.Agent.Abstractions.csproj" />
  <Project Path="../../src/Runtime/Agent/CrestCreates.Agent.Tools.Abstractions/CrestCreates.Agent.Tools.Abstractions.csproj" />
  <Project Path="../../src/Runtime/Agent/CrestCreates.Agent.Tools/CrestCreates.Agent.Tools.csproj" />
  <Project Path="../../src/Runtime/Audit/CrestCreates.AuditLogging.Abstractions/CrestCreates.AuditLogging.Abstractions.csproj" />
  <Project Path="../../src/Runtime/Audit/CrestCreates.AuditLogging/CrestCreates.AuditLogging.csproj" />
  <Project Path="../../src/Runtime/Capability/CrestCreates.Capability.Abstractions/CrestCreates.Capability.Abstractions.csproj" />
  <Project Path="../../src/Runtime/Capability/CrestCreates.Capability/CrestCreates.Capability.csproj" />
  <Project Path="../../src/Runtime/Eventing/CrestCreates.Event.Abstractions/CrestCreates.Event.Abstractions.csproj" />
  <Project Path="../../src/Runtime/Eventing/CrestCreates.Event/CrestCreates.Event.csproj" />
  <Project Path="../../src/Runtime/Eventing/CrestCreates.EventBus.Abstractions/CrestCreates.EventBus.Abstractions.csproj" />
  <Project Path="../../src/Runtime/HumanTask/CrestCreates.HumanTask.Abstractions/CrestCreates.HumanTask.Abstractions.csproj" />
  <Project Path="../../src/Runtime/HumanTask/CrestCreates.HumanTask/CrestCreates.HumanTask.csproj" />
  <Project Path="../../src/Runtime/Workflow/CrestCreates.Workflow.Abstractions/CrestCreates.Workflow.Abstractions.csproj" />
  <Project Path="../../src/Runtime/Workflow/CrestCreates.Workflow/CrestCreates.Workflow.csproj" />
  <Project Path="../../src/Tooling/CrestCreates.CodeGenerator/CrestCreates.CodeGenerator.csproj" />
</Solution>
