<Solution>
  <Folder Name="/assets/">
    <File Path="../AGENTS.md" />
    <File Path="../Directory.Build.Aot.props" />
    <File Path="../Directory.Build.props" />
    <File Path="../Directory.Build.targets" />
    <File Path="../Directory.Packages.props" />
    <File Path="../memory.md" />
    <File Path="../README.md" />
  </Folder>
  <Folder Name="/src/Core/">
    <Project Path="../src/Framework/Infrastructure/CrestCreates.Aop.Abstractions/CrestCreates.Aop.Abstractions.csproj" />
    <Project Path="../src/Framework/Infrastructure/CrestCreates.Aop/CrestCreates.Aop.csproj" />
    <Project Path="../src/Framework/Infrastructure/CrestCreates.Caching.Abstractions/CrestCreates.Caching.Abstractions.csproj" />
    <Project Path="../src/Framework/Infrastructure/CrestCreates.Caching/CrestCreates.Caching.csproj" />
    <Project Path="../src/Framework/Infrastructure/CrestCreates.Configuration/CrestCreates.Configuration.csproj" />
    <Project Path="../src/Core/CrestCreates.Core.Abstractions/CrestCreates.Core.Abstractions.csproj" />
    <Project Path="../src/Core/CrestCreates.Core/CrestCreates.Core.csproj" />
    <Project Path="../src/Framework/Infrastructure/CrestCreates.Logging/CrestCreates.Logging.csproj" />
    <Project Path="../src/Framework/Infrastructure/CrestCreates.Security.Abstractions/CrestCreates.Security.Abstractions.csproj" />
    <Project Path="../src/Framework/Infrastructure/CrestCreates.Security/CrestCreates.Security.csproj" />
    <Project Path="../src/Framework/Infrastructure/CrestCreates.VirtualFileSystem/CrestCreates.VirtualFileSystem.csproj" />
  </Folder>
  <Folder Name="/src/Metadata/">
    <Project Path="../src/Metadata/CrestCreates.Metadata.Abstractions/CrestCreates.Metadata.Abstractions.csproj" />
    <Project Path="../src/Tooling/CrestCreates.Metadata.Analyzers/CrestCreates.Metadata.Analyzers.csproj" />
    <Project Path="../src/Metadata/CrestCreates.Metadata.ContextPack.Abstractions/CrestCreates.Metadata.ContextPack.Abstractions.csproj" />
    <Project Path="../src/Metadata/CrestCreates.Metadata.ContextPack/CrestCreates.Metadata.ContextPack.csproj" />
    <Project Path="../src/Metadata/CrestCreates.Metadata/CrestCreates.Metadata.csproj" />
    <Project Path="../src/Tooling/CrestCreates.CodeGenerator/CrestCreates.CodeGenerator.csproj" />
    <Project Path="../src/Metadata/CrestCreates.Schema.Abstractions/CrestCreates.Schema.Abstractions.csproj" />
    <Project Path="../src/Metadata/CrestCreates.Schema/CrestCreates.Schema.csproj" />
    <Project Path="../src/Metadata/CrestCreates.Snapshot.Abstractions/CrestCreates.Snapshot.Abstractions.csproj" />
    <Project Path="../src/Metadata/CrestCreates.Snapshot/CrestCreates.Snapshot.csproj" />
  </Folder>
  <Folder Name="/src/Runtime/">
    <Project Path="../src/Runtime/Agent/CrestCreates.Agent.Abstractions/CrestCreates.Agent.Abstractions.csproj" />
    <Project Path="../src/Runtime/Agent/CrestCreates.Agent.Runtime/CrestCreates.Agent.Runtime.csproj" />
    <Project Path="../src/Runtime/Audit/CrestCreates.AuditLogging.Abstractions/CrestCreates.AuditLogging.Abstractions.csproj" />
    <Project Path="../src/Runtime/Audit/CrestCreates.AuditLogging/CrestCreates.AuditLogging.csproj" />
    <Project Path="../src/Runtime/Capability/CrestCreates.Capability.Abstractions/CrestCreates.Capability.Abstractions.csproj" />
    <Project Path="../src/Runtime/Capability/CrestCreates.Capability/CrestCreates.Capability.csproj" />
    <Project Path="../src/Runtime/DistributedTransaction/CrestCreates.DistributedTransaction.CAP/CrestCreates.DistributedTransaction.CAP.csproj" />
    <Project Path="../src/Runtime/DistributedTransaction/CrestCreates.DistributedTransaction/CrestCreates.DistributedTransaction.csproj" />
    <Project Path="../src/Metadata/Draft/CrestCreates.Draft.Abstractions/CrestCreates.Draft.Abstractions.csproj" />
    <Project Path="../src/Metadata/Draft/CrestCreates.Draft/CrestCreates.Draft.csproj" />
    <Project Path="../src/Runtime/Eventing/CrestCreates.Event.Abstractions/CrestCreates.Event.Abstractions.csproj" />
    <Project Path="../src/Runtime/Eventing/CrestCreates.Event/CrestCreates.Event.csproj" />
    <Project Path="../src/Runtime/Eventing/CrestCreates.EventBus.Abstract/CrestCreates.EventBus.Abstract.csproj" />
    <Project Path="../src/Runtime/Eventing/CrestCreates.EventBus.Abstractions/CrestCreates.EventBus.Abstractions.csproj" />
    <Project Path="../src/Runtime/Eventing/CrestCreates.EventBus.DeadLetter.EFCore/CrestCreates.EventBus.DeadLetter.EFCore.csproj" />
    <Project Path="../src/Runtime/Eventing/CrestCreates.EventBus.EventStore/CrestCreates.EventBus.EventStore.csproj" />
    <Project Path="../src/Runtime/Eventing/CrestCreates.EventBus.Kafka/CrestCreates.EventBus.Kafka.csproj" />
    <Project Path="../src/Runtime/Eventing/CrestCreates.EventBus.Local.Channel/CrestCreates.EventBus.Local.Channel.csproj" />
    <Project Path="../src/Runtime/Eventing/CrestCreates.EventBus.Local/CrestCreates.EventBus.Local.csproj" />
    <Project Path="../src/Runtime/Eventing/CrestCreates.EventBus.MediatorAdapter/CrestCreates.EventBus.MediatorAdapter.csproj" />
    <Project Path="../src/Runtime/Eventing/CrestCreates.EventBus.RabbitMQ/CrestCreates.EventBus.RabbitMQ.csproj" />
    <Project Path="../src/Runtime/HumanTask/CrestCreates.HumanTask.Abstractions/CrestCreates.HumanTask.Abstractions.csproj" />
    <Project Path="../src/Runtime/HumanTask/CrestCreates.HumanTask/CrestCreates.HumanTask.csproj" />
    <Project Path="../src/Runtime/Workflow/CrestCreates.Workflow.Abstractions/CrestCreates.Workflow.Abstractions.csproj" />
    <Project Path="../src/Runtime/Workflow/CrestCreates.Workflow/CrestCreates.Workflow.csproj" />
  </Folder>
  <Folder Name="/tests/Boundary/">
    <Project Path="../tests/Boundary/CrestCreates.DependencyBoundaries.Tests/CrestCreates.DependencyBoundaries.Tests.csproj" />
  </Folder>
  <Folder Name="/tests/Runtime/">
    <Project Path="../tests/Runtime/Audit/CrestCreates.AuditLogging.Tests/CrestCreates.AuditLogging.Tests.csproj" />
    <Project Path="../tests/Runtime/Capability/CrestCreates.Capability.Tests/CrestCreates.Capability.Tests.csproj" />
    <Project Path="../tests/Metadata/Draft/CrestCreates.DescriptorDraft.Tests/CrestCreates.DescriptorDraft.Tests.csproj" />
    <Project Path="../tests/Runtime/DistributedTransaction/CrestCreates.DistributedTransaction.Tests/CrestCreates.DistributedTransaction.Tests.csproj" />
    <Project Path="../tests/Metadata/Draft/CrestCreates.Draft.Tests/CrestCreates.Draft.Tests.csproj" />
    <Project Path="../tests/Runtime/Eventing/CrestCreates.Event.Tests/CrestCreates.Event.Tests.csproj" />
    <Project Path="../tests/Runtime/Eventing/CrestCreates.EventBus.Kafka.Tests.Integration/CrestCreates.EventBus.Kafka.Tests.Integration.csproj" />
    <Project Path="../tests/Runtime/Eventing/CrestCreates.EventBus.Kafka.Tests/CrestCreates.EventBus.Kafka.Tests.csproj" />
    <Project Path="../tests/Runtime/Eventing/CrestCreates.EventBus.Local.Tests.Integration/CrestCreates.EventBus.Local.Tests.Integration.csproj" />
    <Project Path="../tests/Runtime/Eventing/CrestCreates.EventBus.RabbitMQ.Tests.Integration/CrestCreates.EventBus.RabbitMQ.Tests.Integration.csproj" />
    <Project Path="../tests/Runtime/Eventing/CrestCreates.EventBus.RabbitMQ.Tests/CrestCreates.EventBus.RabbitMQ.Tests.csproj" />
    <Project Path="../tests/Runtime/Eventing/CrestCreates.EventBus.Tests/CrestCreates.EventBus.Tests.csproj" />
    <Project Path="../tests/Runtime/HumanTask/CrestCreates.HumanTask.Tests/CrestCreates.HumanTask.Tests.csproj" />
    <Project Path="../tests/Runtime/Workflow/CrestCreates.Workflow.Tests/CrestCreates.Workflow.Tests.csproj" />
  </Folder>
</Solution>
