<Solution>
  <Folder Name="/assets/">
    <File Path="../AGENTS.md" />
    <File Path="../Directory.Build.Aot.props" />
    <File Path="../Directory.Build.props" />
    <File Path="../Directory.Build.targets" />
    <File Path="../Directory.Packages.props" />
    <File Path="../memory.md" />
    <File Path="../README.md" />
  </Folder>
  <Folder Name="/build/">
    <Project Path="../build/CrestCreates.BuildTasks/CrestCreates.BuildTasks.csproj" />
  </Folder>
  <Folder Name="/samples/">
    <Project Path="../samples/CrestCreates.Samples.DescriptorControlPlane/CrestCreates.Samples.DescriptorControlPlane.csproj" />
    <Project Path="../samples/LibraryManagement/LibraryManagement.Application.Contracts/LibraryManagement.Application.Contracts.csproj" />
    <Project Path="../samples/LibraryManagement/LibraryManagement.Application/LibraryManagement.Application.csproj" />
    <Project Path="../samples/LibraryManagement/LibraryManagement.Domain.Shared/LibraryManagement.Domain.Shared.csproj" />
    <Project Path="../samples/LibraryManagement/LibraryManagement.Domain/LibraryManagement.Domain.csproj" />
    <Project Path="../samples/LibraryManagement/LibraryManagement.EntityFrameworkCore/LibraryManagement.EntityFrameworkCore.csproj" />
    <Project Path="../samples/LibraryManagement/LibraryManagement.Web/LibraryManagement.Web.csproj" />
    <Project Path="../samples/SaaSHelpdesk/SaaSHelpdesk.Application.Contracts/SaaSHelpdesk.Application.Contracts.csproj" />
    <Project Path="../samples/SaaSHelpdesk/SaaSHelpdesk.Application/SaaSHelpdesk.Application.csproj" />
    <Project Path="../samples/SaaSHelpdesk/SaaSHelpdesk.Domain.Shared/SaaSHelpdesk.Domain.Shared.csproj" />
    <Project Path="../samples/SaaSHelpdesk/SaaSHelpdesk.Domain/SaaSHelpdesk.Domain.csproj" />
    <Project Path="../samples/SaaSHelpdesk/SaaSHelpdesk.EntityFrameworkCore/SaaSHelpdesk.EntityFrameworkCore.csproj" />
    <Project Path="../samples/SaaSHelpdesk/SaaSHelpdesk.Tests/SaaSHelpdesk.Tests.csproj" />
    <Project Path="../samples/SaaSHelpdesk/SaaSHelpdesk.Web/SaaSHelpdesk.Web.csproj" />
  </Folder>
  <Folder Name="/src/Core/">
    <Project Path="../src/Core/CrestCreates.Aop.Abstractions/CrestCreates.Aop.Abstractions.csproj" />
    <Project Path="../src/Core/CrestCreates.Aop/CrestCreates.Aop.csproj" />
    <Project Path="../src/Core/CrestCreates.Caching.Abstractions/CrestCreates.Caching.Abstractions.csproj" />
    <Project Path="../src/Core/CrestCreates.Caching/CrestCreates.Caching.csproj" />
    <Project Path="../src/Core/CrestCreates.Configuration/CrestCreates.Configuration.csproj" />
    <Project Path="../src/Core/CrestCreates.Core.Abstractions/CrestCreates.Core.Abstractions.csproj" />
    <Project Path="../src/Core/CrestCreates.Core.Hosting/CrestCreates.Core.Hosting.csproj" />
    <Project Path="../src/Core/CrestCreates.Core/CrestCreates.Core.csproj" />
    <Project Path="../src/Core/CrestCreates.Exposure.Abstractions/CrestCreates.Exposure.Abstractions.csproj" />
    <Project Path="../src/Core/CrestCreates.Logging/CrestCreates.Logging.csproj" />
    <Project Path="../src/Core/CrestCreates.Security.Abstractions/CrestCreates.Security.Abstractions.csproj" />
    <Project Path="../src/Core/CrestCreates.Security/CrestCreates.Security.csproj" />
    <Project Path="../src/Core/CrestCreates.VirtualFileSystem/CrestCreates.VirtualFileSystem.csproj" />
  </Folder>
  <Folder Name="/src/Framework/">
    <Project Path="../src/Framework/CrestCreates.Application.Contracts/CrestCreates.Application.Contracts.csproj" />
    <Project Path="../src/Framework/CrestCreates.Application/CrestCreates.Application.csproj" />
    <Project Path="../src/Framework/CrestCreates.AspNetCore.Authentication.OpenIddict/CrestCreates.AspNetCore.Authentication.OpenIddict.csproj" />
    <Project Path="../src/Framework/CrestCreates.AspNetCore/CrestCreates.AspNetCore.csproj" />
    <Project Path="../src/Framework/CrestCreates.Authorization.Abstractions/CrestCreates.Authorization.Abstractions.csproj" />
    <Project Path="../src/Framework/CrestCreates.Authorization/CrestCreates.Authorization.csproj" />
    <Project Path="../src/Framework/CrestCreates.DataFilter/CrestCreates.DataFilter.csproj" />
    <Project Path="../src/Framework/CrestCreates.DescriptorDraft.Abstractions/CrestCreates.DescriptorDraft.Abstractions.csproj" />
    <Project Path="../src/Framework/CrestCreates.DescriptorDraft/CrestCreates.DescriptorDraft.csproj" />
    <Project Path="../src/Framework/CrestCreates.Domain.Shared/CrestCreates.Domain.Shared.csproj" />
    <Project Path="../src/Framework/CrestCreates.Domain/CrestCreates.Domain.csproj" />
    <Project Path="../src/Framework/CrestCreates.DynamicApi/CrestCreates.DynamicApi.csproj" />
    <Project Path="../src/Framework/CrestCreates.FileManagement/CrestCreates.FileManagement.csproj" />
    <Project Path="../src/Framework/CrestCreates.Form.Abstractions/CrestCreates.Form.Abstractions.csproj" />
    <Project Path="../src/Framework/CrestCreates.Form/CrestCreates.Form.csproj" />
    <Project Path="../src/Framework/CrestCreates.Forms.Framework/CrestCreates.Forms.Framework.csproj" />
    <Project Path="../src/Framework/CrestCreates.Framework.Abstractions/CrestCreates.Framework.Abstractions.csproj" />
    <Project Path="../src/Framework/CrestCreates.Framework.Hosting/CrestCreates.Framework.Hosting.csproj" />
    <Project Path="../src/Framework/CrestCreates.HealthCheck.AspNetCore/CrestCreates.HealthCheck.AspNetCore.csproj" />
    <Project Path="../src/Framework/CrestCreates.HealthCheck.Mvc/CrestCreates.HealthCheck.Mvc.csproj" />
    <Project Path="../src/Framework/CrestCreates.HealthCheck/CrestCreates.HealthCheck.csproj" />
    <Project Path="../src/Framework/CrestCreates.Infrastructure/CrestCreates.Infrastructure.csproj" />
    <Project Path="../src/Framework/CrestCreates.Localization/CrestCreates.Localization.csproj" />
    <Project Path="../src/Framework/CrestCreates.Modularity/CrestCreates.Modularity.csproj" />
    <Project Path="../src/Framework/CrestCreates.ModuleDiagnostics/CrestCreates.ModuleDiagnostics.csproj" />
    <Project Path="../src/Framework/CrestCreates.MultiTenancy.Abstract/CrestCreates.MultiTenancy.Abstract.csproj" />
    <Project Path="../src/Framework/CrestCreates.MultiTenancy/CrestCreates.MultiTenancy.csproj" />
    <Project Path="../src/Framework/CrestCreates.OpenApi/CrestCreates.OpenApi.csproj" />
    <Project Path="../src/Framework/CrestCreates.Organization.Abstractions/CrestCreates.Organization.Abstractions.csproj" />
    <Project Path="../src/Framework/CrestCreates.Organization/CrestCreates.Organization.csproj" />
    <Project Path="../src/Framework/CrestCreates.Scheduling.Quartz/CrestCreates.Scheduling.Quartz.csproj" />
    <Project Path="../src/Framework/CrestCreates.Scheduling/CrestCreates.Scheduling.Abstractions.csproj" />
    <Project Path="../src/Framework/CrestCreates.Testing/CrestCreates.Testing.csproj" />
    <Project Path="../src/Framework/CrestCreates.Validation/CrestCreates.Validation.csproj" />
    <Project Path="../src/Framework/CrestCreates.Web/CrestCreates.Web.csproj" />
  </Folder>
  <Folder Name="/src/Integrations/">
    <Project Path="../src/Integrations/CrestCreates.Integration.Abstractions/CrestCreates.Integration.Abstractions.csproj" />
    <Project Path="../src/Integrations/CrestCreates.Integration.ExternalApi/CrestCreates.Integration.ExternalApi.csproj" />
    <Project Path="../src/Integrations/CrestCreates.Integration.LegacyDatabase/CrestCreates.Integration.LegacyDatabase.csproj" />
    <Project Path="../src/Integrations/CrestCreates.PluginSystem/CrestCreates.PluginSystem.csproj" />
  </Folder>
  <Folder Name="/src/Metadata/">
    <Project Path="../src/Metadata/CrestCreates.Metadata.Abstractions/CrestCreates.Metadata.Abstractions.csproj" />
    <Project Path="../src/Metadata/CrestCreates.Metadata.Analyzers/CrestCreates.Metadata.Analyzers.csproj" />
    <Project Path="../src/Metadata/CrestCreates.Metadata.ContextPack.Abstractions/CrestCreates.Metadata.ContextPack.Abstractions.csproj" />
    <Project Path="../src/Metadata/CrestCreates.Metadata.ContextPack/CrestCreates.Metadata.ContextPack.csproj" />
    <Project Path="../src/Metadata/CrestCreates.Metadata.Runtime/CrestCreates.Metadata.csproj" />
    <Project Path="../src/Metadata/CrestCreates.Metadata.SourceGeneration/CrestCreates.CodeGenerator.csproj" />
    <Project Path="../src/Metadata/CrestCreates.Metadata.Testing/CrestCreates.Metadata.Testing.csproj" />
    <Project Path="../src/Metadata/CrestCreates.Schema.Abstractions/CrestCreates.Schema.Abstractions.csproj" />
    <Project Path="../src/Metadata/CrestCreates.Schema/CrestCreates.Schema.csproj" />
    <Project Path="../src/Metadata/CrestCreates.Snapshot.Abstractions/CrestCreates.Snapshot.Abstractions.csproj" />
    <Project Path="../src/Metadata/CrestCreates.Snapshot/CrestCreates.Snapshot.csproj" />
  </Folder>
  <Folder Name="/src/Persistence/">
    <Project Path="../src/Persistence/CrestCreates.Data.Abstractions/CrestCreates.Data.Abstractions.csproj" />
    <Project Path="../src/Persistence/CrestCreates.Data.Core/CrestCreates.Data.Core.csproj" />
    <Project Path="../src/Persistence/CrestCreates.Data.EFCore.MySql/CrestCreates.Data.EFCore.MySql.csproj" />
    <Project Path="../src/Persistence/CrestCreates.Data.EFCore.PostgreSql/CrestCreates.Data.EFCore.PostgreSql.csproj" />
    <Project Path="../src/Persistence/CrestCreates.Data.EFCore.SqlServer/CrestCreates.Data.EFCore.SqlServer.csproj" />
    <Project Path="../src/Persistence/CrestCreates.Data.EFCore/CrestCreates.Data.EFCore.csproj" />
    <Project Path="../src/Persistence/CrestCreates.Data.FreeSql/CrestCreates.Data.FreeSql.csproj" />
    <Project Path="../src/Persistence/CrestCreates.Data.SqlSugar/CrestCreates.Data.SqlSugar.csproj" />
    <Project Path="../src/Persistence/CrestCreates.DbContextProvider.Abstract/CrestCreates.DbContextProvider.Abstract.csproj" />
    <Project Path="../src/Persistence/CrestCreates.OrmProviders.MongoDB/CrestCreates.OrmProviders.MongoDB.csproj" />
  </Folder>
  <Folder Name="/src/Platform/">
    <Project Path="../src/Platform/CrestCreates.Platform.Agent/CrestCreates.Platform.Agent.csproj" />
    <Project Path="../src/Platform/CrestCreates.Platform.All/CrestCreates.Platform.All.csproj" />
    <Project Path="../src/Platform/CrestCreates.Platform.AspNetCore/CrestCreates.Platform.AspNetCore.csproj" />
    <Project Path="../src/Platform/CrestCreates.Platform.Runtime/CrestCreates.Platform.Runtime.csproj" />
    <Project Path="../src/Platform/CrestCreates.Platform/CrestCreates.Platform.csproj" />
  </Folder>
  <Folder Name="/src/Runtime/">
    <Project Path="../src/Runtime/CrestCreates.Agent.Abstractions/CrestCreates.Agent.Abstractions.csproj" />
    <Project Path="../src/Runtime/CrestCreates.Agent.Runtime/CrestCreates.Agent.Runtime.csproj" />
    <Project Path="../src/Runtime/CrestCreates.Audit.Runtime/CrestCreates.AuditLogging.csproj" />
    <Project Path="../src/Runtime/CrestCreates.Capability.Abstractions/CrestCreates.Capability.Abstractions.csproj" />
    <Project Path="../src/Runtime/CrestCreates.Capability.Runtime/CrestCreates.Capability.csproj" />
    <Project Path="../src/Runtime/CrestCreates.DistributedTransaction.CAP/CrestCreates.DistributedTransaction.CAP.csproj" />
    <Project Path="../src/Runtime/CrestCreates.DistributedTransaction/CrestCreates.DistributedTransaction.csproj" />
    <Project Path="../src/Runtime/CrestCreates.Draft.Abstractions/CrestCreates.Draft.Abstractions.csproj" />
    <Project Path="../src/Runtime/CrestCreates.Draft/CrestCreates.Draft.csproj" />
    <Project Path="../src/Runtime/CrestCreates.Event.Abstractions/CrestCreates.Event.Abstractions.csproj" />
    <Project Path="../src/Runtime/CrestCreates.Event/CrestCreates.Event.csproj" />
    <Project Path="../src/Runtime/CrestCreates.EventBus.Abstract/CrestCreates.EventBus.Abstract.csproj" />
    <Project Path="../src/Runtime/CrestCreates.EventBus.Abstractions/CrestCreates.EventBus.Abstractions.csproj" />
    <Project Path="../src/Runtime/CrestCreates.EventBus.DeadLetter.EFCore/CrestCreates.EventBus.DeadLetter.EFCore.csproj" />
    <Project Path="../src/Runtime/CrestCreates.EventBus.EventStore/CrestCreates.EventBus.EventStore.csproj" />
    <Project Path="../src/Runtime/CrestCreates.EventBus.Kafka/CrestCreates.EventBus.Kafka.csproj" />
    <Project Path="../src/Runtime/CrestCreates.EventBus.Local.Channel/CrestCreates.EventBus.Local.Channel.csproj" />
    <Project Path="../src/Runtime/CrestCreates.EventBus.Local/CrestCreates.EventBus.Local.csproj" />
    <Project Path="../src/Runtime/CrestCreates.EventBus.MediatorAdapter/CrestCreates.EventBus.MediatorAdapter.csproj" />
    <Project Path="../src/Runtime/CrestCreates.EventBus.RabbitMQ/CrestCreates.EventBus.RabbitMQ.csproj" />
    <Project Path="../src/Runtime/CrestCreates.HumanTask.Abstractions/CrestCreates.HumanTask.Abstractions.csproj" />
    <Project Path="../src/Runtime/CrestCreates.HumanTask.Runtime/CrestCreates.HumanTask.csproj" />
    <Project Path="../src/Runtime/CrestCreates.Runtime.Abstractions/CrestCreates.Runtime.Abstractions.csproj" />
    <Project Path="../src/Runtime/CrestCreates.Runtime.Hosting/CrestCreates.Runtime.Hosting.csproj" />
    <Project Path="../src/Runtime/CrestCreates.Workflow.Abstractions/CrestCreates.Workflow.Abstractions.csproj" />
    <Project Path="../src/Runtime/CrestCreates.Workflow.Runtime/CrestCreates.Workflow.csproj" />
  </Folder>
  <Folder Name="/tests/Boundary/">
    <Project Path="../tests/Boundary/CrestCreates.DependencyBoundaries.Tests/CrestCreates.DependencyBoundaries.Tests.csproj" />
  </Folder>
  <Folder Name="/tests/Core/">
    <Project Path="../tests/Core/CrestCreates.Exposure.Tests/CrestCreates.Exposure.Tests.csproj" />
    <Project Path="../tests/Core/CrestCreates.Logging.Tests/CrestCreates.Logging.Tests.csproj" />
    <Project Path="../tests/Core/CrestCreates.VirtualFileSystem.Tests/CrestCreates.VirtualFileSystem.Tests.csproj" />
  </Folder>
  <Folder Name="/tests/Framework/">
    <Project Path="../tests/Framework/CrestCreates.Application.Tests/CrestCreates.Application.Tests.csproj" />
    <Project Path="../tests/Framework/CrestCreates.Domain.Tests/CrestCreates.Domain.Tests.csproj" />
    <Project Path="../tests/Framework/CrestCreates.FileManagement.Tests/CrestCreates.FileManagement.Tests.csproj" />
    <Project Path="../tests/Framework/CrestCreates.Form.Tests/CrestCreates.Form.Tests.csproj" />
    <Project Path="../tests/Framework/CrestCreates.Infrastructure.Tests/CrestCreates.Infrastructure.Tests.csproj" />
    <Project Path="../tests/Framework/CrestCreates.IntegrationTests/CrestCreates.IntegrationTests.csproj" />
    <Project Path="../tests/Framework/CrestCreates.Localization.Tests/CrestCreates.Localization.Tests.csproj" />
    <Project Path="../tests/Framework/CrestCreates.Organization.Tests/CrestCreates.Organization.Tests.csproj" />
    <Project Path="../tests/Framework/CrestCreates.Samples.Tests/CrestCreates.Samples.Tests.csproj" />
    <Project Path="../tests/Framework/CrestCreates.Scheduling.IntegrationTests/CrestCreates.Scheduling.IntegrationTests.csproj" />
    <Project Path="../tests/Framework/CrestCreates.Scheduling.Tests/CrestCreates.Scheduling.Tests.csproj" />
    <Project Path="../tests/Framework/CrestCreates.TestBase.Tests/CrestCreates.TestBase.Tests.csproj" />
    <Project Path="../tests/Framework/CrestCreates.TestBase/CrestCreates.TestBase.csproj" />
    <Project Path="../tests/Framework/CrestCreates.Web.Tests/CrestCreates.Web.Tests.csproj" />
  </Folder>
  <Folder Name="/tests/Metadata/">
    <Project Path="../tests/Metadata/CrestCreates.BuildTasks.Tests/CrestCreates.BuildTasks.Tests.csproj" />
    <Project Path="../tests/Metadata/CrestCreates.CodeGenerator.Tests/CrestCreates.CodeGenerator.Tests.csproj" />
    <Project Path="../tests/Metadata/CrestCreates.Metadata.ContextPack.Tests/CrestCreates.Metadata.ContextPack.Tests.csproj" />
    <Project Path="../tests/Metadata/CrestCreates.Metadata.Tests/CrestCreates.Metadata.Tests.csproj" />
    <Project Path="../tests/Metadata/CrestCreates.ModuleDiagnostics.Tests/CrestCreates.ModuleDiagnostics.Tests.csproj" />
    <Project Path="../tests/Metadata/CrestCreates.Schema.Tests/CrestCreates.Schema.Tests.csproj" />
    <Project Path="../tests/Metadata/CrestCreates.Snapshot.Tests/CrestCreates.Snapshot.Tests.csproj" />
  </Folder>
  <Folder Name="/tests/Persistence/">
    <Project Path="../tests/Persistence/CrestCreates.Database.Migrations.Tests/CrestCreates.Database.Migrations.Tests.csproj" />
    <Project Path="../tests/Persistence/CrestCreates.MongoDB.Tests/CrestCreates.MongoDB.Tests.csproj" />
    <Project Path="../tests/Persistence/CrestCreates.OrmProviders.Tests/CrestCreates.OrmProviders.Tests.csproj" />
  </Folder>
  <Folder Name="/tests/Runtime/">
    <Project Path="../tests/Runtime/CrestCreates.AuditLogging.Tests/CrestCreates.AuditLogging.Tests.csproj" />
    <Project Path="../tests/Runtime/CrestCreates.Capability.Tests/CrestCreates.Capability.Tests.csproj" />
    <Project Path="../tests/Runtime/CrestCreates.DescriptorDraft.Tests/CrestCreates.DescriptorDraft.Tests.csproj" />
    <Project Path="../tests/Runtime/CrestCreates.DistributedTransaction.Tests/CrestCreates.DistributedTransaction.Tests.csproj" />
    <Project Path="../tests/Runtime/CrestCreates.Draft.Tests/CrestCreates.Draft.Tests.csproj" />
    <Project Path="../tests/Runtime/CrestCreates.Event.Tests/CrestCreates.Event.Tests.csproj" />
    <Project Path="../tests/Runtime/CrestCreates.EventBus.Kafka.Tests.Integration/CrestCreates.EventBus.Kafka.Tests.Integration.csproj" />
    <Project Path="../tests/Runtime/CrestCreates.EventBus.Kafka.Tests/CrestCreates.EventBus.Kafka.Tests.csproj" />
    <Project Path="../tests/Runtime/CrestCreates.EventBus.Local.Tests.Integration/CrestCreates.EventBus.Local.Tests.Integration.csproj" />
    <Project Path="../tests/Runtime/CrestCreates.EventBus.RabbitMQ.Tests.Integration/CrestCreates.EventBus.RabbitMQ.Tests.Integration.csproj" />
    <Project Path="../tests/Runtime/CrestCreates.EventBus.RabbitMQ.Tests/CrestCreates.EventBus.RabbitMQ.Tests.csproj" />
    <Project Path="../tests/Runtime/CrestCreates.EventBus.Tests/CrestCreates.EventBus.Tests.csproj" />
    <Project Path="../tests/Runtime/CrestCreates.HumanTask.Tests/CrestCreates.HumanTask.Tests.csproj" />
    <Project Path="../tests/Runtime/CrestCreates.Workflow.Tests/CrestCreates.Workflow.Tests.csproj" />
  </Folder>
</Solution>
